
Microsoft Visual Studio Solution File, Format Version 12.00
# Visual Studio Version 17
VisualStudioVersion = 17.0.31903.59
MinimumVisualStudioVersion = 10.0.40219.1
Project("{FAE04EC0-301F-11D3-BF4B-00C04F79EFBC}") = "AxibugTransfer.Tcp", "AxibugTransfer.Tcp\AxibugTransfer.Tcp.csproj", "{B5A89E34-0283-44CB-8683-8E41888CA949}"
EndProject
Project("{FAE04EC0-301F-11D3-BF4B-00C04F79EFBC}") = "AxibugTransfer.Test", "AxibugTransfer.Test\AxibugTransfer.Test.csproj", "{A27FCE74-123D-477C-BB5B-2879D0B39D22}"
EndProject
Global
	GlobalSection(SolutionConfigurationPlatforms) = preSolution
		Debug|Any CPU = Debug|Any CPU
		Release|Any CPU = Release|Any CPU
	EndGlobalSection
	GlobalSection(ProjectConfigurationPlatforms) = postSolution
		{B5A89E34-0283-44CB-8683-8E41888CA949}.Debug|Any CPU.ActiveCfg = Debug|Any CPU
		{B5A89E34-0283-44CB-8683-8E41888CA949}.Debug|Any CPU.Build.0 = Debug|Any CPU
		{B5A89E34-0283-44CB-8683-8E41888CA949}.Release|Any CPU.ActiveCfg = Release|Any CPU
		{B5A89E34-0283-44CB-8683-8E41888CA949}.Release|Any CPU.Build.0 = Release|Any CPU
		{A27FCE74-123D-477C-BB5B-2879D0B39D22}.Debug|Any CPU.ActiveCfg = Debug|Any CPU
		{A27FCE74-123D-477C-BB5B-2879D0B39D22}.Debug|Any CPU.Build.0 = Debug|Any CPU
		{A27FCE74-123D-477C-BB5B-2879D0B39D22}.Release|Any CPU.ActiveCfg = Release|Any CPU
		{A27FCE74-123D-477C-BB5B-2879D0B39D22}.Release|Any CPU.Build.0 = Release|Any CPU
	EndGlobalSection
	GlobalSection(SolutionProperties) = preSolution
		HideSolutionNode = FALSE
	EndGlobalSection
	GlobalSection(ExtensibilityGlobals) = postSolution
		SolutionGuid = {84359E7A-FB5F-429C-8CB2-5FA95276D856}
	EndGlobalSection
EndGlobal
